
Microsoft Visual Studio Solution File, Format Version 12.00
Project("{2150E333-8FDC-42A3-9474-1A3956D46DE8}") = "EntryPoints", "EntryPoints", "{F0CCCFB2-939C-488B-AB4E-EF91CE9FD82B}"
EndProject
Project("{FAE04EC0-301F-11D3-BF4B-00C04F79EFBC}") = "Order", "Order\Order.csproj", "{277F68D2-581B-4434-85AF-74420DF335FE}"
EndProject
Project("{FAE04EC0-301F-11D3-BF4B-00C04F79EFBC}") = "Inventory", "Inventory\Inventory.csproj", "{AE60446E-01D0-4E1D-941C-E89BC2A911B2}"
EndProject
Global
	GlobalSection(SolutionConfigurationPlatforms) = preSolution
		Debug|Any CPU = Debug|Any CPU
		Release|Any CPU = Release|Any CPU
	EndGlobalSection
	GlobalSection(NestedProjects) = preSolution
		{277F68D2-581B-4434-85AF-74420DF335FE} = {F0CCCFB2-939C-488B-AB4E-EF91CE9FD82B}
		{AE60446E-01D0-4E1D-941C-E89BC2A911B2} = {F0CCCFB2-939C-488B-AB4E-EF91CE9FD82B}
	EndGlobalSection
	GlobalSection(ProjectConfigurationPlatforms) = postSolution
		{277F68D2-581B-4434-85AF-74420DF335FE}.Debug|Any CPU.ActiveCfg = Debug|Any CPU
		{277F68D2-581B-4434-85AF-74420DF335FE}.Debug|Any CPU.Build.0 = Debug|Any CPU
		{277F68D2-581B-4434-85AF-74420DF335FE}.Release|Any CPU.ActiveCfg = Release|Any CPU
		{277F68D2-581B-4434-85AF-74420DF335FE}.Release|Any CPU.Build.0 = Release|Any CPU
		{AE60446E-01D0-4E1D-941C-E89BC2A911B2}.Debug|Any CPU.ActiveCfg = Debug|Any CPU
		{AE60446E-01D0-4E1D-941C-E89BC2A911B2}.Debug|Any CPU.Build.0 = Debug|Any CPU
		{AE60446E-01D0-4E1D-941C-E89BC2A911B2}.Release|Any CPU.ActiveCfg = Release|Any CPU
		{AE60446E-01D0-4E1D-941C-E89BC2A911B2}.Release|Any CPU.Build.0 = Release|Any CPU
	EndGlobalSection
EndGlobal
